
Microsoft Visual Studio Solution File, Format Version 12.00
# Visual Studio Version 17
VisualStudioVersion = 17.13.35806.99 d17.13
MinimumVisualStudioVersion = 10.0.40219.1
Project("{FAE04EC0-301F-11D3-BF4B-00C04F79EFBC}") = "Pizza Maker Project", "Pizza Maker Project.csproj", "{4989A36A-21E6-49E8-9427-07BBF37C1900}"
EndProject
Global
	GlobalSection(SolutionConfigurationPlatforms) = preSolution
		Debug|Any CPU = Debug|Any CPU
		Release|Any CPU = Release|Any CPU
	EndGlobalSection
	GlobalSection(ProjectConfigurationPlatforms) = postSolution
		{4989A36A-21E6-49E8-9427-07BBF37C1900}.Debug|Any CPU.ActiveCfg = Debug|Any CPU
		{4989A36A-21E6-49E8-9427-07BBF37C1900}.Debug|Any CPU.Build.0 = Debug|Any CPU
		{4989A36A-21E6-49E8-9427-07BBF37C1900}.Release|Any CPU.ActiveCfg = Release|Any CPU
		{4989A36A-21E6-49E8-9427-07BBF37C1900}.Release|Any CPU.Build.0 = Release|Any CPU
	EndGlobalSection
	GlobalSection(SolutionProperties) = preSolution
		HideSolutionNode = FALSE
	EndGlobalSection
	GlobalSection(ExtensibilityGlobals) = postSolution
		SolutionGuid = {FA6B92C7-93A3-402D-9568-0074D9E8AADA}
	EndGlobalSection
EndGlobal
